
Microsoft Visual Studio Solution File, Format Version 12.00
# Visual Studio 14
VisualStudioVersion = 14.0.25420.1
MinimumVisualStudioVersion = 10.0.40219.1
Project("{2150E333-8FDC-42A3-9474-1A3956D46DE8}") = "config", "config", "{99717A0C-11AF-4723-8398-F2CB6CE075D2}"
	ProjectSection(SolutionItems) = preProject
		global.json = global.json
		NuGet.config = NuGet.config
	EndProjectSection
EndProject
Project("{2150E333-8FDC-42A3-9474-1A3956D46DE8}") = "exe", "exe", "{EA904366-22B7-4541-9919-EA1E005074E1}"
EndProject
Project("{8BB2217D-0F2D-49D1-97BC-3654ED321F3B}") = "Sandbox.ConsoleApp", "exe\Sandbox.ConsoleApp\Sandbox.ConsoleApp.xproj", "{BA7193FA-81D1-4B16-A30B-173A2C52D2DA}"
EndProject
Project("{2150E333-8FDC-42A3-9474-1A3956D46DE8}") = "test", "test", "{3B3D93E7-305E-4C65-901B-0B13B7FE91F1}"
EndProject
Project("{8BB2217D-0F2D-49D1-97BC-3654ED321F3B}") = "Sandbox.Test", "test\Sandbox.Test\Sandbox.Test.xproj", "{0EF73C04-32FC-4179-BC9C-6450956A123B}"
EndProject
Project("{2150E333-8FDC-42A3-9474-1A3956D46DE8}") = "src", "src", "{B3121F03-5792-4B83-AE1A-635A4DCFDB98}"
EndProject
Project("{8BB2217D-0F2D-49D1-97BC-3654ED321F3B}") = "Sandbox.Libraries", "src\Sandbox.Libraries\Sandbox.Libraries.xproj", "{AC8D11EB-0839-460F-8325-954ACAF0603E}"
EndProject
Project("{2150E333-8FDC-42A3-9474-1A3956D46DE8}") = "resources", "resources", "{14043436-A242-4C25-AF5A-36EB342834E3}"
EndProject
Project("{8BB2217D-0F2D-49D1-97BC-3654ED321F3B}") = "Sandbox.Resources", "resources\Sandbox.Resources\Sandbox.Resources.xproj", "{7C5B9367-3BD2-4057-B91E-1DB0AB6D0B8A}"
EndProject
Project("{8BB2217D-0F2D-49D1-97BC-3654ED321F3B}") = "Sandbox.Playground", "src\Sandbox.Playground\Sandbox.Playground.xproj", "{2F2C1C6B-4D64-4377-8194-A30DA5899052}"
EndProject
Global
	GlobalSection(SolutionConfigurationPlatforms) = preSolution
		Debug|Any CPU = Debug|Any CPU
		Release|Any CPU = Release|Any CPU
	EndGlobalSection
	GlobalSection(ProjectConfigurationPlatforms) = postSolution
		{BA7193FA-81D1-4B16-A30B-173A2C52D2DA}.Debug|Any CPU.ActiveCfg = Debug|Any CPU
		{BA7193FA-81D1-4B16-A30B-173A2C52D2DA}.Debug|Any CPU.Build.0 = Debug|Any CPU
		{BA7193FA-81D1-4B16-A30B-173A2C52D2DA}.Release|Any CPU.ActiveCfg = Release|Any CPU
		{BA7193FA-81D1-4B16-A30B-173A2C52D2DA}.Release|Any CPU.Build.0 = Release|Any CPU
		{0EF73C04-32FC-4179-BC9C-6450956A123B}.Debug|Any CPU.ActiveCfg = Debug|Any CPU
		{0EF73C04-32FC-4179-BC9C-6450956A123B}.Debug|Any CPU.Build.0 = Debug|Any CPU
		{0EF73C04-32FC-4179-BC9C-6450956A123B}.Release|Any CPU.ActiveCfg = Release|Any CPU
		{0EF73C04-32FC-4179-BC9C-6450956A123B}.Release|Any CPU.Build.0 = Release|Any CPU
		{AC8D11EB-0839-460F-8325-954ACAF0603E}.Debug|Any CPU.ActiveCfg = Debug|Any CPU
		{AC8D11EB-0839-460F-8325-954ACAF0603E}.Debug|Any CPU.Build.0 = Debug|Any CPU
		{AC8D11EB-0839-460F-8325-954ACAF0603E}.Release|Any CPU.ActiveCfg = Release|Any CPU
		{AC8D11EB-0839-460F-8325-954ACAF0603E}.Release|Any CPU.Build.0 = Release|Any CPU
		{7C5B9367-3BD2-4057-B91E-1DB0AB6D0B8A}.Debug|Any CPU.ActiveCfg = Debug|Any CPU
		{7C5B9367-3BD2-4057-B91E-1DB0AB6D0B8A}.Debug|Any CPU.Build.0 = Debug|Any CPU
		{7C5B9367-3BD2-4057-B91E-1DB0AB6D0B8A}.Release|Any CPU.ActiveCfg = Release|Any CPU
		{7C5B9367-3BD2-4057-B91E-1DB0AB6D0B8A}.Release|Any CPU.Build.0 = Release|Any CPU
		{2F2C1C6B-4D64-4377-8194-A30DA5899052}.Debug|Any CPU.ActiveCfg = Debug|Any CPU
		{2F2C1C6B-4D64-4377-8194-A30DA5899052}.Debug|Any CPU.Build.0 = Debug|Any CPU
		{2F2C1C6B-4D64-4377-8194-A30DA5899052}.Release|Any CPU.ActiveCfg = Release|Any CPU
		{2F2C1C6B-4D64-4377-8194-A30DA5899052}.Release|Any CPU.Build.0 = Release|Any CPU
	EndGlobalSection
	GlobalSection(SolutionProperties) = preSolution
		HideSolutionNode = FALSE
	EndGlobalSection
	GlobalSection(NestedProjects) = preSolution
		{BA7193FA-81D1-4B16-A30B-173A2C52D2DA} = {EA904366-22B7-4541-9919-EA1E005074E1}
		{0EF73C04-32FC-4179-BC9C-6450956A123B} = {3B3D93E7-305E-4C65-901B-0B13B7FE91F1}
		{AC8D11EB-0839-460F-8325-954ACAF0603E} = {B3121F03-5792-4B83-AE1A-635A4DCFDB98}
		{7C5B9367-3BD2-4057-B91E-1DB0AB6D0B8A} = {14043436-A242-4C25-AF5A-36EB342834E3}
		{2F2C1C6B-4D64-4377-8194-A30DA5899052} = {B3121F03-5792-4B83-AE1A-635A4DCFDB98}
	EndGlobalSection
EndGlobal
