
Microsoft Visual Studio Solution File, Format Version 12.00
# Visual Studio 15
VisualStudioVersion = 15.0.26228.9
MinimumVisualStudioVersion = 10.0.40219.1
Project("{9A19103F-16F7-4668-BE54-9A1E7A4F7556}") = "Sandbox.ConsoleApp", "exe\Sandbox.ConsoleApp\Sandbox.ConsoleApp.csproj", "{83AC4D11-3F0D-4821-AB9B-8A268008FF2E}"
EndProject
Project("{2150E333-8FDC-42A3-9474-1A3956D46DE8}") = "exe", "exe", "{C4299BD3-0857-428A-AF45-64B7B3B6BE55}"
EndProject
Project("{2150E333-8FDC-42A3-9474-1A3956D46DE8}") = "src", "src", "{84A97D89-25CA-43ED-A26A-2E076820C3DF}"
EndProject
Project("{2150E333-8FDC-42A3-9474-1A3956D46DE8}") = "test", "test", "{1D42BC82-ACE7-45DC-92E4-150DCEE32D2D}"
EndProject
Project("{2150E333-8FDC-42A3-9474-1A3956D46DE8}") = "resources", "resources", "{C6BE9699-EE36-4351-AEDF-CADB8F3C1BBC}"
EndProject
Project("{2150E333-8FDC-42A3-9474-1A3956D46DE8}") = ".config", ".config", "{3BAA1CD2-467E-4783-B9CA-353D17629C63}"
	ProjectSection(SolutionItems) = preProject
		NuGet.config = NuGet.config
	EndProjectSection
EndProject
Project("{9A19103F-16F7-4668-BE54-9A1E7A4F7556}") = "Sandbox.Resources", "resources\Sandbox.Resources\Sandbox.Resources.csproj", "{C596D430-5A75-475C-9072-FD65F4B87DF3}"
EndProject
Project("{9A19103F-16F7-4668-BE54-9A1E7A4F7556}") = "Sandbox.Libraries", "src\Sandbox.Libraries\Sandbox.Libraries.csproj", "{A57313AB-6FC2-4078-B636-1AB7D30F4B1F}"
EndProject
Project("{9A19103F-16F7-4668-BE54-9A1E7A4F7556}") = "Sandbox.Playground", "src\Sandbox.Playground\Sandbox.Playground.csproj", "{D8A595EC-5156-4E8F-83DC-1241A00158B6}"
EndProject
Project("{9A19103F-16F7-4668-BE54-9A1E7A4F7556}") = "Sandbox.Test", "test\Sandbox.Test\Sandbox.Test.csproj", "{40A7F855-A4B9-4EEA-A3C1-70336325C4C6}"
EndProject
Global
	GlobalSection(SolutionConfigurationPlatforms) = preSolution
		Debug|Any CPU = Debug|Any CPU
		Release|Any CPU = Release|Any CPU
	EndGlobalSection
	GlobalSection(ProjectConfigurationPlatforms) = postSolution
		{83AC4D11-3F0D-4821-AB9B-8A268008FF2E}.Debug|Any CPU.ActiveCfg = Debug|Any CPU
		{83AC4D11-3F0D-4821-AB9B-8A268008FF2E}.Debug|Any CPU.Build.0 = Debug|Any CPU
		{83AC4D11-3F0D-4821-AB9B-8A268008FF2E}.Release|Any CPU.ActiveCfg = Release|Any CPU
		{83AC4D11-3F0D-4821-AB9B-8A268008FF2E}.Release|Any CPU.Build.0 = Release|Any CPU
		{C596D430-5A75-475C-9072-FD65F4B87DF3}.Debug|Any CPU.ActiveCfg = Debug|Any CPU
		{C596D430-5A75-475C-9072-FD65F4B87DF3}.Debug|Any CPU.Build.0 = Debug|Any CPU
		{C596D430-5A75-475C-9072-FD65F4B87DF3}.Release|Any CPU.ActiveCfg = Release|Any CPU
		{C596D430-5A75-475C-9072-FD65F4B87DF3}.Release|Any CPU.Build.0 = Release|Any CPU
		{A57313AB-6FC2-4078-B636-1AB7D30F4B1F}.Debug|Any CPU.ActiveCfg = Debug|Any CPU
		{A57313AB-6FC2-4078-B636-1AB7D30F4B1F}.Debug|Any CPU.Build.0 = Debug|Any CPU
		{A57313AB-6FC2-4078-B636-1AB7D30F4B1F}.Release|Any CPU.ActiveCfg = Release|Any CPU
		{A57313AB-6FC2-4078-B636-1AB7D30F4B1F}.Release|Any CPU.Build.0 = Release|Any CPU
		{D8A595EC-5156-4E8F-83DC-1241A00158B6}.Debug|Any CPU.ActiveCfg = Debug|Any CPU
		{D8A595EC-5156-4E8F-83DC-1241A00158B6}.Debug|Any CPU.Build.0 = Debug|Any CPU
		{D8A595EC-5156-4E8F-83DC-1241A00158B6}.Release|Any CPU.ActiveCfg = Release|Any CPU
		{D8A595EC-5156-4E8F-83DC-1241A00158B6}.Release|Any CPU.Build.0 = Release|Any CPU
		{40A7F855-A4B9-4EEA-A3C1-70336325C4C6}.Debug|Any CPU.ActiveCfg = Debug|Any CPU
		{40A7F855-A4B9-4EEA-A3C1-70336325C4C6}.Debug|Any CPU.Build.0 = Debug|Any CPU
		{40A7F855-A4B9-4EEA-A3C1-70336325C4C6}.Release|Any CPU.ActiveCfg = Release|Any CPU
		{40A7F855-A4B9-4EEA-A3C1-70336325C4C6}.Release|Any CPU.Build.0 = Release|Any CPU
	EndGlobalSection
	GlobalSection(SolutionProperties) = preSolution
		HideSolutionNode = FALSE
	EndGlobalSection
	GlobalSection(NestedProjects) = preSolution
		{83AC4D11-3F0D-4821-AB9B-8A268008FF2E} = {C4299BD3-0857-428A-AF45-64B7B3B6BE55}
		{C596D430-5A75-475C-9072-FD65F4B87DF3} = {C6BE9699-EE36-4351-AEDF-CADB8F3C1BBC}
		{A57313AB-6FC2-4078-B636-1AB7D30F4B1F} = {84A97D89-25CA-43ED-A26A-2E076820C3DF}
		{D8A595EC-5156-4E8F-83DC-1241A00158B6} = {84A97D89-25CA-43ED-A26A-2E076820C3DF}
		{40A7F855-A4B9-4EEA-A3C1-70336325C4C6} = {1D42BC82-ACE7-45DC-92E4-150DCEE32D2D}
	EndGlobalSection
EndGlobal
